
Microsoft Visual Studio Solution File, Format Version 12.00
# Visual Studio Version 17
VisualStudioVersion = 17.11.35327.3
MinimumVisualStudioVersion = 10.0.40219.1
Project("{FAE04EC0-301F-11D3-BF4B-00C04F79EFBC}") = "TestFormatter", "TestFormatter\TestFormatter.csproj", "{E7FFE8A4-D6E5-4960-BA88-0E774A980129}"
EndProject
Global
	GlobalSection(SolutionConfigurationPlatforms) = preSolution
		Debug|Any CPU = Debug|Any CPU
		Release|Any CPU = Release|Any CPU
	EndGlobalSection
	GlobalSection(ProjectConfigurationPlatforms) = postSolution
		{E7FFE8A4-D6E5-4960-BA88-0E774A980129}.Debug|Any CPU.ActiveCfg = Debug|Any CPU
		{E7FFE8A4-D6E5-4960-BA88-0E774A980129}.Debug|Any CPU.Build.0 = Debug|Any CPU
		{E7FFE8A4-D6E5-4960-BA88-0E774A980129}.Release|Any CPU.ActiveCfg = Release|Any CPU
		{E7FFE8A4-D6E5-4960-BA88-0E774A980129}.Release|Any CPU.Build.0 = Release|Any CPU
	EndGlobalSection
	GlobalSection(SolutionProperties) = preSolution
		HideSolutionNode = FALSE
	EndGlobalSection
	GlobalSection(ExtensibilityGlobals) = postSolution
		SolutionGuid = {D8785D50-B61C-4F51-903F-A80C3D6B6443}
	EndGlobalSection
EndGlobal
